
Microsoft Visual Studio Solution File, Format Version 12.00
# Visual Studio Version 17
VisualStudioVersion = 17.8.34322.80
MinimumVisualStudioVersion = 10.0.40219.1
Project("{FAE04EC0-301F-11D3-BF4B-00C04F79EFBC}") = "1. Hello world", "1. Hello world\1. Hello world.csproj", "{40B3F243-0562-41A9-AE66-CDABCCAAD14E}"
EndProject
Global
	GlobalSection(SolutionConfigurationPlatforms) = preSolution
		Debug|Any CPU = Debug|Any CPU
		Release|Any CPU = Release|Any CPU
	EndGlobalSection
	GlobalSection(ProjectConfigurationPlatforms) = postSolution
		{40B3F243-0562-41A9-AE66-CDABCCAAD14E}.Debug|Any CPU.ActiveCfg = Debug|Any CPU
		{40B3F243-0562-41A9-AE66-CDABCCAAD14E}.Debug|Any CPU.Build.0 = Debug|Any CPU
		{40B3F243-0562-41A9-AE66-CDABCCAAD14E}.Release|Any CPU.ActiveCfg = Release|Any CPU
		{40B3F243-0562-41A9-AE66-CDABCCAAD14E}.Release|Any CPU.Build.0 = Release|Any CPU
	EndGlobalSection
	GlobalSection(SolutionProperties) = preSolution
		HideSolutionNode = FALSE
	EndGlobalSection
	GlobalSection(ExtensibilityGlobals) = postSolution
		SolutionGuid = {5930B067-F419-4C88-A4D9-BD5D8CBFA635}
	EndGlobalSection
EndGlobal
